
Microsoft Visual Studio Solution File, Format Version 12.00
# Visual Studio 15
VisualStudioVersion = 15.0.26730.8
MinimumVisualStudioVersion = 10.0.40219.1
Project("{FAE04EC0-301F-11D3-BF4B-00C04F79EFBC}") = "CotaFacilWEB", "CotaFacilWEB\CotaFacilWEB.csproj", "{FDC8B476-1035-4B7B-A245-9AFF840F5ADB}"
EndProject
Global
	GlobalSection(SolutionConfigurationPlatforms) = preSolution
		Debug|Any CPU = Debug|Any CPU
		Release|Any CPU = Release|Any CPU
	EndGlobalSection
	GlobalSection(ProjectConfigurationPlatforms) = postSolution
		{FDC8B476-1035-4B7B-A245-9AFF840F5ADB}.Debug|Any CPU.ActiveCfg = Debug|Any CPU
		{FDC8B476-1035-4B7B-A245-9AFF840F5ADB}.Debug|Any CPU.Build.0 = Debug|Any CPU
		{FDC8B476-1035-4B7B-A245-9AFF840F5ADB}.Release|Any CPU.ActiveCfg = Release|Any CPU
		{FDC8B476-1035-4B7B-A245-9AFF840F5ADB}.Release|Any CPU.Build.0 = Release|Any CPU
	EndGlobalSection
	GlobalSection(SolutionProperties) = preSolution
		HideSolutionNode = FALSE
	EndGlobalSection
	GlobalSection(ExtensibilityGlobals) = postSolution
		SolutionGuid = {B10A9D6C-56B9-4C9D-A8C6-36CCFD04A41B}
	EndGlobalSection
EndGlobal
